
Microsoft Visual Studio Solution File, Format Version 12.00
# Visual Studio Version 16
VisualStudioVersion = 16.0.29201.188
MinimumVisualStudioVersion = 10.0.40219.1
Project("{F184B08F-C81C-45F6-A57F-5ABD9991F28F}") = "Beach Bike Rentals", "Beach Bike Rentals\Beach Bike Rentals.vbproj", "{0ADE4DD8-A25F-4797-A721-067A526D82BF}"
EndProject
Global
	GlobalSection(SolutionConfigurationPlatforms) = preSolution
		Debug|Any CPU = Debug|Any CPU
		Release|Any CPU = Release|Any CPU
	EndGlobalSection
	GlobalSection(ProjectConfigurationPlatforms) = postSolution
		{0ADE4DD8-A25F-4797-A721-067A526D82BF}.Debug|Any CPU.ActiveCfg = Debug|Any CPU
		{0ADE4DD8-A25F-4797-A721-067A526D82BF}.Debug|Any CPU.Build.0 = Debug|Any CPU
		{0ADE4DD8-A25F-4797-A721-067A526D82BF}.Release|Any CPU.ActiveCfg = Release|Any CPU
		{0ADE4DD8-A25F-4797-A721-067A526D82BF}.Release|Any CPU.Build.0 = Release|Any CPU
	EndGlobalSection
	GlobalSection(SolutionProperties) = preSolution
		HideSolutionNode = FALSE
	EndGlobalSection
	GlobalSection(ExtensibilityGlobals) = postSolution
		SolutionGuid = {28A1309F-A167-461B-BA37-9E61AA7E2367}
	EndGlobalSection
EndGlobal
